# This file is automatically @generated by Poetry 2.1.4 and should not be changed by hand.

[[package]]
name = "dearpygui"
version = "2.1.0"
description = "DearPyGui: A simple Python GUI Toolkit"
optional = false
python-versions = ">=3.8"
groups = ["main"]
files = [
    {file = "dearpygui-2.1.0-cp310-cp310-macosx_10_6_x86_64.whl", hash = "sha256:374d4c605affdf8a49eef4cf434f76e17df374590e51745b62c67025d1d41ec3"},
    {file = "dearpygui-2.1.0-cp310-cp310-macosx_13_0_arm64.whl", hash = "sha256:074985fa9d1622edda89c7f113d7a25ae5543f2e3f684bba3601e688c873936f"},
    {file = "dearpygui-2.1.0-cp310-cp310-manylinux1_x86_64.whl", hash = "sha256:49808389f1d1acfb4f5cbd9f1b1ec188fbcd2d828414094864f7035e27158db2"},
    {file = "dearpygui-2.1.0-cp310-cp310-win_amd64.whl", hash = "sha256:792c1cd34dd0d03bf15838cc1e66ad01282c672ef0d2b9981368b6dcd37e67d3"},
    {file = "dearpygui-2.1.0-cp311-cp311-macosx_10_6_x86_64.whl", hash = "sha256:03e5dc0b3dd2f7965e50bbe41f3316a814408064b582586de994d93afedb125c"},
    {file = "dearpygui-2.1.0-cp311-cp311-macosx_13_0_arm64.whl", hash = "sha256:b5b37710c3fa135c48e2347f39ecd1f415146e86db5d404707a0bf72d16bd304"},
    {file = "dearpygui-2.1.0-cp311-cp311-manylinux1_x86_64.whl", hash = "sha256:b0cfd7ac7eaa090fc22d6aa60fc4b527fc631cee10c348e4d8df92bb39af03d2"},
    {file = "dearpygui-2.1.0-cp311-cp311-win_amd64.whl", hash = "sha256:a9af54f96d3ef30c5db9d12cdf3266f005507396fb0da2e12e6b22b662161070"},
    {file = "dearpygui-2.1.0-cp312-cp312-macosx_10_6_x86_64.whl", hash = "sha256:1270ceb9cdb8ecc047c42477ccaa075b7864b314a5d09191f9280a24c8aa90a0"},
    {file = "dearpygui-2.1.0-cp312-cp312-macosx_13_0_arm64.whl", hash = "sha256:ce9969eb62057b9d4c88a8baaed13b5fbe4058caa9faf5b19fec89da75aece3d"},
    {file = "dearpygui-2.1.0-cp312-cp312-manylinux1_x86_64.whl", hash = "sha256:a3ca8cf788db63ef7e2e8d6f277631b607d548b37606f080ca1b42b1f0a9b183"},
    {file = "dearpygui-2.1.0-cp312-cp312-win_amd64.whl", hash = "sha256:43f0e4db9402f44fc3683a1f5c703564819de18cc15a042de7f1ed1c8cb5d148"},
    {file = "dearpygui-2.1.0-cp313-cp313-macosx_10_6_x86_64.whl", hash = "sha256:5c32402f75f87ca23faedc626975f546098bcbc71e1dc8b22ddc6054f4c800f1"},
    {file = "dearpygui-2.1.0-cp313-cp313-macosx_13_0_arm64.whl", hash = "sha256:f776c4c81195b2e7248305db21c7d429881d306a9557a8a4e4f002eb477cd247"},
    {file = "dearpygui-2.1.0-cp313-cp313-manylinux1_x86_64.whl", hash = "sha256:3900ce7f68e8967dc937adbd9088a7c294fd676fa878d9905e4f25b0d76232ae"},
    {file = "dearpygui-2.1.0-cp313-cp313-win_amd64.whl", hash = "sha256:205def95d6862e80ee908d080f5a8065f30421d87ddfa88a3607a5c8e253a9bb"},
    {file = "dearpygui-2.1.0-cp38-cp38-macosx_10_6_x86_64.whl", hash = "sha256:d526f71367950c3e0b91ca06a87fafa9317663d3d55a245c67e34147b34f531e"},
    {file = "dearpygui-2.1.0-cp38-cp38-manylinux1_x86_64.whl", hash = "sha256:9daa11a4ff8ee4278c7ec614680d5d2a18712eed1b54655137c1b6e1fcfd6852"},
    {file = "dearpygui-2.1.0-cp38-cp38-win_amd64.whl", hash = "sha256:eacd0093a985cc1c8d860b82ee518b387c13be3e21c2222ac90b3331656de905"},
    {file = "dearpygui-2.1.0-cp39-cp39-macosx_10_6_x86_64.whl", hash = "sha256:0d228a4934c642fb01f1602b71b11f54e8b739ee3902a98fd71618ddca088213"},
    {file = "dearpygui-2.1.0-cp39-cp39-manylinux1_x86_64.whl", hash = "sha256:4e4c2df52ffee0810652bdb165972dad2ca8d89c65ea37d69d6157576adba2d7"},
    {file = "dearpygui-2.1.0-cp39-cp39-win_amd64.whl", hash = "sha256:c337fb8b27f6fbdae89fdb5f36a377e09f955642c025005b1be9b96eef73df3b"},
]

[[package]]
name = "scored-lib"
version = "0.0.0"
description = "Shared library for Scored projects"
optional = false
python-versions = ">=3.11"
groups = ["main"]
files = []
develop = true

[package.source]
type = "directory"
url = "../lib"

[metadata]
lock-version = "2.1"
python-versions = ">=3.11"
content-hash = "3f98aad9594651aac778bce20064fa4401ff95b29db26369d7898b6866e051aa"
